
Microsoft Visual Studio Solution File, Format Version 12.00
# Visual Studio Version 17
VisualStudioVersion = 17.9.34607.119
MinimumVisualStudioVersion = 10.0.40219.1
Project("{FAE04EC0-301F-11D3-BF4B-00C04F79EFBC}") = "PCEditorAPIWebApp", "PCEditorAPIWebApp\PCEditorAPIWebApp.csproj", "{4612D4F0-F71C-4C69-B6D5-362DCCBF59F0}"
EndProject
Global
	GlobalSection(SolutionConfigurationPlatforms) = preSolution
		Debug|Any CPU = Debug|Any CPU
		Release|Any CPU = Release|Any CPU
	EndGlobalSection
	GlobalSection(ProjectConfigurationPlatforms) = postSolution
		{4612D4F0-F71C-4C69-B6D5-362DCCBF59F0}.Debug|Any CPU.ActiveCfg = Debug|Any CPU
		{4612D4F0-F71C-4C69-B6D5-362DCCBF59F0}.Debug|Any CPU.Build.0 = Debug|Any CPU
		{4612D4F0-F71C-4C69-B6D5-362DCCBF59F0}.Release|Any CPU.ActiveCfg = Release|Any CPU
		{4612D4F0-F71C-4C69-B6D5-362DCCBF59F0}.Release|Any CPU.Build.0 = Release|Any CPU
	EndGlobalSection
	GlobalSection(SolutionProperties) = preSolution
		HideSolutionNode = FALSE
	EndGlobalSection
	GlobalSection(ExtensibilityGlobals) = postSolution
		SolutionGuid = {E3624930-B205-4F44-ADF7-5CBB0F615328}
	EndGlobalSection
EndGlobal
